{
    "_meta": {
        "hash": {
            "sha256": "d3104bd947606e36e7b4ca368e83d733acff749c192b571b3f62969af1b44f36"
        },
        "pipfile-spec": 6,
        "requires": {
            "python_version": "2.7"
        },
        "sources": [
            {
                "name": "pypi",
                "url": "https://pypi.python.org/simple",
                "verify_ssl": true
            }
        ]
    },
    "default": {},
    "develop": {}
}
